
Microsoft Visual Studio Solution File, Format Version 12.00
# Visual Studio 15
VisualStudioVersion = 15.0.27428.2027
MinimumVisualStudioVersion = 10.0.40219.1
Project("{8BC9CEB8-8B4A-11D0-8D11-00A0C91BC942}") = "ECL_Model", "ECL_Model\ECL_Model.vcxproj", "{613A0A90-A0BD-473C-BFEB-C152F9542BB3}"
EndProject
Global
	GlobalSection(SolutionConfigurationPlatforms) = preSolution
		Debug|x64 = Debug|x64
		Debug|x86 = Debug|x86
		Release|x64 = Release|x64
		Release|x86 = Release|x86
	EndGlobalSection
	GlobalSection(ProjectConfigurationPlatforms) = postSolution
		{613A0A90-A0BD-473C-BFEB-C152F9542BB3}.Debug|x64.ActiveCfg = Debug|x64
		{613A0A90-A0BD-473C-BFEB-C152F9542BB3}.Debug|x64.Build.0 = Debug|x64
		{613A0A90-A0BD-473C-BFEB-C152F9542BB3}.Debug|x86.ActiveCfg = Debug|Win32
		{613A0A90-A0BD-473C-BFEB-C152F9542BB3}.Debug|x86.Build.0 = Debug|Win32
		{613A0A90-A0BD-473C-BFEB-C152F9542BB3}.Release|x64.ActiveCfg = Release|x64
		{613A0A90-A0BD-473C-BFEB-C152F9542BB3}.Release|x64.Build.0 = Release|x64
		{613A0A90-A0BD-473C-BFEB-C152F9542BB3}.Release|x86.ActiveCfg = Release|Win32
		{613A0A90-A0BD-473C-BFEB-C152F9542BB3}.Release|x86.Build.0 = Release|Win32
	EndGlobalSection
	GlobalSection(SolutionProperties) = preSolution
		HideSolutionNode = FALSE
	EndGlobalSection
	GlobalSection(ExtensibilityGlobals) = postSolution
		SolutionGuid = {2105F3F7-0472-4226-8E07-3CB8C21FB8D9}
	EndGlobalSection
EndGlobal
